{
  "name": "ajs-new",
  "version": "1.0.0",
  "lockfileVersion": 3,
  "requires": true,
  "packages": {
    "": {
      "name": "ajs-new",
      "version": "1.0.0",
      "license": "ISC",
      "dependencies": {
        "@kutimskii/ajs-platforms": "^1.0.0"
      }
    },
    "node_modules/@kutimskii/ajs-platforms": {
      "version": "1.0.0",
      "resolved": "https://npm.pkg.github.com/download/@kutimskii/ajs-platforms/1.0.0/1e94b1b4828e0fedf688170ee8c4346b99188c57",
      "integrity": "sha512-8uETbJIIsJy4PWa+8fy9JGyc7xkR7klkRxZ25lo8+YIPPDHfIBJ+f/tmDrJ7brVB1deTqnO8oiTSRzoi2+4LuQ==",
      "license": "ISC"
    }
  }
}
